<?xml version="1.0" encoding="utf-8"?>
<Project ToolsVersion="17.0" xmlns="http://schemas.microsoft.com/developer/msbuild/2003">
  <ItemGroup>
    <ClCompile Include="C:\Users\Marcelo\Desktop\Projects\why-gen-new\cli\src\main.cpp">
      <Filter>Source Files</Filter>
    </ClCompile>
  </ItemGroup>
  <ItemGroup>
    <CustomBuild Include="C:\Users\Marcelo\Desktop\Projects\why-gen-new\cli\CMakeLists.txt" />
  </ItemGroup>
  <ItemGroup>
    <Filter Include="Source Files">
      <UniqueIdentifier>{096B3E0F-0B17-3777-8E5A-BD98A54F8FBB}</UniqueIdentifier>
    </Filter>
  </ItemGroup>
</Project>
